<?xml version="1.0" encoding="utf-8"?>
<Project ToolsVersion="4.0" xmlns="http://schemas.microsoft.com/developer/msbuild/2003">
  <ItemGroup>
    <Filter Include="소스 파일">
      <UniqueIdentifier>{4FC737F1-C7A5-4376-A066-2A32D752A2FF}</UniqueIdentifier>
      <Extensions>cpp;c;cc;cxx;c++;def;odl;idl;hpj;bat;asm;asmx</Extensions>
    </Filter>
    <Filter Include="헤더 파일">
      <UniqueIdentifier>{93995380-89BD-4b04-88EB-625FBE52EBFB}</UniqueIdentifier>
      <Extensions>h;hh;hpp;hxx;h++;hm;inl;inc;ipp;xsd</Extensions>
    </Filter>
    <Filter Include="리소스 파일">
      <UniqueIdentifier>{67DA6AB6-F800-4c08-8B7A-83BB121AAD01}</UniqueIdentifier>
      <Extensions>rc;ico;cur;bmp;dlg;rc2;rct;bin;rgs;gif;jpg;jpeg;jpe;resx;tiff;tif;png;wav;mfcribbon-ms</Extensions>
    </Filter>
    <Filter Include="리소스 파일\layout">
      <UniqueIdentifier>{287a9fce-c5cf-456f-bc03-07af40d9ae7b}</UniqueIdentifier>
    </Filter>
    <Filter Include="리소스 파일\sound">
      <UniqueIdentifier>{c0bcf654-f9bb-41f6-a14e-948b1de0c78d}</UniqueIdentifier>
    </Filter>
    <Filter Include="리소스 파일\music">
      <UniqueIdentifier>{c85d666a-7e39-44c0-869c-ad3029ed5ade}</UniqueIdentifier>
    </Filter>
    <Filter Include="헤더 파일\Manager">
      <UniqueIdentifier>{76701d80-73a4-4d7c-930b-3be06cf1fd83}</UniqueIdentifier>
    </Filter>
    <Filter Include="소스 파일\Manager">
      <UniqueIdentifier>{27e8d514-336e-475f-97e8-c399444cf72d}</UniqueIdentifier>
    </Filter>
    <Filter Include="소스 파일\Entity">
      <UniqueIdentifier>{d8b312b0-c8e1-4b6d-ad10-0a5c26935f30}</UniqueIdentifier>
    </Filter>
    <Filter Include="헤더 파일\Entity">
      <UniqueIdentifier>{e32ff979-9a0a-4902-832f-576daf850c2b}</UniqueIdentifier>
    </Filter>
    <Filter Include="소스 파일\Game">
      <UniqueIdentifier>{525c72f3-48ac-48fa-9bc8-ee55b74eda14}</UniqueIdentifier>
    </Filter>
    <Filter Include="헤더 파일\Game">
      <UniqueIdentifier>{b62577a8-326c-4472-a292-1dd2c9e56441}</UniqueIdentifier>
    </Filter>
  </ItemGroup>
  <ItemGroup>
    <ClCompile Include="main.cpp">
      <Filter>소스 파일</Filter>
    </ClCompile>
    <ClCompile Include="Timer.cpp">
      <Filter>소스 파일</Filter>
    </ClCompile>
    <ClCompile Include="Config.cpp">
      <Filter>소스 파일</Filter>
    </ClCompile>
    <ClCompile Include="InputManager.cpp">
      <Filter>소스 파일\Manager</Filter>
    </ClCompile>
    <ClCompile Include="AudioManager.cpp">
      <Filter>소스 파일\Manager</Filter>
    </ClCompile>
    <ClCompile Include="AssetManager.cpp">
      <Filter>소스 파일\Manager</Filter>
    </ClCompile>
    <ClCompile Include="GameCore.cpp">
      <Filter>소스 파일\Game</Filter>
    </ClCompile>
    <ClCompile Include="Layout.cpp">
      <Filter>소스 파일\Entity</Filter>
    </ClCompile>
    <ClCompile Include="GameEntity.cpp">
      <Filter>소스 파일\Entity</Filter>
    </ClCompile>
    <ClCompile Include="IntroScreen.cpp">
      <Filter>소스 파일\Game</Filter>
    </ClCompile>
    <ClCompile Include="Console.cpp">
      <Filter>소스 파일</Filter>
    </ClCompile>
    <ClCompile Include="LayoutManager.cpp">
      <Filter>소스 파일\Manager</Filter>
    </ClCompile>
  </ItemGroup>
  <ItemGroup>
    <ClInclude Include="Timer.h">
      <Filter>헤더 파일</Filter>
    </ClInclude>
    <ClInclude Include="CommonType.h">
      <Filter>헤더 파일</Filter>
    </ClInclude>
    <ClInclude Include="Config.h">
      <Filter>헤더 파일</Filter>
    </ClInclude>
    <ClInclude Include="AssetManager.h">
      <Filter>헤더 파일\Manager</Filter>
    </ClInclude>
    <ClInclude Include="AudioManager.h">
      <Filter>헤더 파일\Manager</Filter>
    </ClInclude>
    <ClInclude Include="InputManager.h">
      <Filter>헤더 파일\Manager</Filter>
    </ClInclude>
    <ClInclude Include="Layout.h">
      <Filter>헤더 파일\Entity</Filter>
    </ClInclude>
    <ClInclude Include="GameEntity.h">
      <Filter>헤더 파일\Entity</Filter>
    </ClInclude>
    <ClInclude Include="GameCore.h">
      <Filter>헤더 파일\Game</Filter>
    </ClInclude>
    <ClInclude Include="IntroScreen.h">
      <Filter>헤더 파일\Game</Filter>
    </ClInclude>
    <ClInclude Include="Console.h">
      <Filter>헤더 파일</Filter>
    </ClInclude>
    <ClInclude Include="LayoutManager.h">
      <Filter>헤더 파일\Manager</Filter>
    </ClInclude>
  </ItemGroup>
  <ItemGroup>
    <Media Include="Assets\music\music.wav">
      <Filter>리소스 파일\music</Filter>
    </Media>
  </ItemGroup>
  <ItemGroup>
    <None Include="Assets\sfx\laugh1.ogg">
      <Filter>리소스 파일\sound</Filter>
    </None>
    <None Include="Assets\sfx\laugh2.ogg">
      <Filter>리소스 파일\sound</Filter>
    </None>
    <None Include="Assets\sfx\laugh3.ogg">
      <Filter>리소스 파일\sound</Filter>
    </None>
    <None Include="Assets\sfx\laugh4.ogg">
      <Filter>리소스 파일\sound</Filter>
    </None>
    <None Include="Assets\sfx\laugh5.ogg">
      <Filter>리소스 파일\sound</Filter>
    </None>
    <None Include="Assets\sfx\laugh6.ogg">
      <Filter>리소스 파일\sound</Filter>
    </None>
    <None Include="Assets\sfx\laugh0.ogg">
      <Filter>리소스 파일\sound</Filter>
    </None>
    <None Include="Assets\music\clearSky.ogg">
      <Filter>리소스 파일\music</Filter>
    </None>
  </ItemGroup>
  <ItemGroup>
    <Text Include="Assets\layout\calculator.txt">
      <Filter>리소스 파일\layout</Filter>
    </Text>
    <Text Include="Assets\layout\gameLogo.txt">
      <Filter>리소스 파일\layout</Filter>
    </Text>
    <Text Include="_Singleton.txt">
      <Filter>리소스 파일</Filter>
    </Text>
    <Text Include="Assets\layout\teamLogo.txt">
      <Filter>리소스 파일\layout</Filter>
    </Text>
  </ItemGroup>
</Project>